
Microsoft Visual Studio Solution File, Format Version 12.00
# Visual Studio Version 17
VisualStudioVersion = 17.8.34330.188
MinimumVisualStudioVersion = 10.0.40219.1
Project("{8BC9CEB8-8B4A-11D0-8D11-00A0C91BC942}") = "EngimaChatClient", "EngimaChatClient\EngimaChatClient.vcxproj", "{004408DE-D132-4813-B370-F6FA3D43916B}"
EndProject
Global
	GlobalSection(SolutionConfigurationPlatforms) = preSolution
		Debug|x64 = Debug|x64
		Debug|x86 = Debug|x86
		Release|x64 = Release|x64
		Release|x86 = Release|x86
	EndGlobalSection
	GlobalSection(ProjectConfigurationPlatforms) = postSolution
		{004408DE-D132-4813-B370-F6FA3D43916B}.Debug|x64.ActiveCfg = Debug|x64
		{004408DE-D132-4813-B370-F6FA3D43916B}.Debug|x64.Build.0 = Debug|x64
		{004408DE-D132-4813-B370-F6FA3D43916B}.Debug|x86.ActiveCfg = Debug|Win32
		{004408DE-D132-4813-B370-F6FA3D43916B}.Debug|x86.Build.0 = Debug|Win32
		{004408DE-D132-4813-B370-F6FA3D43916B}.Release|x64.ActiveCfg = Release|x64
		{004408DE-D132-4813-B370-F6FA3D43916B}.Release|x64.Build.0 = Release|x64
		{004408DE-D132-4813-B370-F6FA3D43916B}.Release|x86.ActiveCfg = Release|Win32
		{004408DE-D132-4813-B370-F6FA3D43916B}.Release|x86.Build.0 = Release|Win32
	EndGlobalSection
	GlobalSection(SolutionProperties) = preSolution
		HideSolutionNode = FALSE
	EndGlobalSection
	GlobalSection(ExtensibilityGlobals) = postSolution
		SolutionGuid = {CEB3EFCA-9752-4C75-8D3D-60B06B36B1CE}
	EndGlobalSection
EndGlobal
